
Microsoft Visual Studio Solution File, Format Version 12.00
# Visual Studio Version 17
VisualStudioVersion = 17.4.33122.133
MinimumVisualStudioVersion = 10.0.40219.1
Project("{FAE04EC0-301F-11D3-BF4B-00C04F79EFBC}") = "Zwingli-Course-array1d", "Zwingli-Course-array1d\Zwingli-Course-array1d.csproj", "{D00BE3A9-B682-41CC-96EB-FF9BEAEC8E5A}"
EndProject
Global
	GlobalSection(SolutionConfigurationPlatforms) = preSolution
		Debug|Any CPU = Debug|Any CPU
		Release|Any CPU = Release|Any CPU
	EndGlobalSection
	GlobalSection(ProjectConfigurationPlatforms) = postSolution
		{D00BE3A9-B682-41CC-96EB-FF9BEAEC8E5A}.Debug|Any CPU.ActiveCfg = Debug|Any CPU
		{D00BE3A9-B682-41CC-96EB-FF9BEAEC8E5A}.Debug|Any CPU.Build.0 = Debug|Any CPU
		{D00BE3A9-B682-41CC-96EB-FF9BEAEC8E5A}.Release|Any CPU.ActiveCfg = Release|Any CPU
		{D00BE3A9-B682-41CC-96EB-FF9BEAEC8E5A}.Release|Any CPU.Build.0 = Release|Any CPU
	EndGlobalSection
	GlobalSection(SolutionProperties) = preSolution
		HideSolutionNode = FALSE
	EndGlobalSection
	GlobalSection(ExtensibilityGlobals) = postSolution
		SolutionGuid = {A8FE04FD-BCE8-41C1-B059-BAF338ECAB0C}
	EndGlobalSection
EndGlobal
